{
  "name": "tutorial",
  "version": "1.0.0",
  "lockfileVersion": 1,
  "requires": true,
  "dependencies": {
    "bootstrap": {
      "version": "4.3.1",
      "resolved": "https://registry.npm.taobao.org/bootstrap/download/bootstrap-4.3.1.tgz",
      "integrity": "sha1-KAyo9hBQTZnXtrS/xLaM7GAXBKw="
    },
    "jquery": {
      "version": "3.3.1",
      "resolved": "https://registry.npm.taobao.org/jquery/download/jquery-3.3.1.tgz",
      "integrity": "sha1-lYzinoHJeQ8xvneS311NlfxX+8o="
    },
    "jquery-validation": {
      "version": "1.19.1",
      "resolved": "https://registry.npm.taobao.org/jquery-validation/download/jquery-validation-1.19.1.tgz",
      "integrity": "sha1-qFBDRn3Ctw2f/wV3hkbRUOdHdC8="
    },
    "jquery-validation-unobtrusive": {
      "version": "3.2.11",
      "resolved": "https://registry.npm.taobao.org/jquery-validation-unobtrusive/download/jquery-validation-unobtrusive-3.2.11.tgz",
      "integrity": "sha1-F17kY4A4Wg4z7TIPJV+tMh9o+fU=",
      "requires": {
        "jquery": ">=1.8",
        "jquery-validation": ">=1.16"
      }
    }
  }
}
